
Microsoft Visual Studio Solution File, Format Version 12.00
# Visual Studio Version 17
VisualStudioVersion = 17.8.34309.116
MinimumVisualStudioVersion = 10.0.40219.1
Project("{9A19103F-16F7-4668-BE54-9A1E7A4F7556}") = "TwitchTTSUser", "TwitchTTSUser\TwitchTTSUser.csproj", "{3E97A113-712A-49FC-B9F2-0CEBA136B770}"
EndProject
Project("{9A19103F-16F7-4668-BE54-9A1E7A4F7556}") = "TwitchTTSUser.Desktop", "TwitchTTSUser.Desktop\TwitchTTSUser.Desktop.csproj", "{40C3A67D-FF87-46E7-8549-1F9A5D153210}"
EndProject
Global
	GlobalSection(SolutionConfigurationPlatforms) = preSolution
		Debug|Any CPU = Debug|Any CPU
		Release|Any CPU = Release|Any CPU
	EndGlobalSection
	GlobalSection(ProjectConfigurationPlatforms) = postSolution
		{3E97A113-712A-49FC-B9F2-0CEBA136B770}.Debug|Any CPU.ActiveCfg = Debug|Any CPU
		{3E97A113-712A-49FC-B9F2-0CEBA136B770}.Debug|Any CPU.Build.0 = Debug|Any CPU
		{3E97A113-712A-49FC-B9F2-0CEBA136B770}.Release|Any CPU.ActiveCfg = Release|Any CPU
		{3E97A113-712A-49FC-B9F2-0CEBA136B770}.Release|Any CPU.Build.0 = Release|Any CPU
		{40C3A67D-FF87-46E7-8549-1F9A5D153210}.Debug|Any CPU.ActiveCfg = Debug|Any CPU
		{40C3A67D-FF87-46E7-8549-1F9A5D153210}.Debug|Any CPU.Build.0 = Debug|Any CPU
		{40C3A67D-FF87-46E7-8549-1F9A5D153210}.Release|Any CPU.ActiveCfg = Release|Any CPU
		{40C3A67D-FF87-46E7-8549-1F9A5D153210}.Release|Any CPU.Build.0 = Release|Any CPU
	EndGlobalSection
	GlobalSection(SolutionProperties) = preSolution
		HideSolutionNode = FALSE
	EndGlobalSection
	GlobalSection(ExtensibilityGlobals) = postSolution
		SolutionGuid = {400A4514-1A63-4BF7-8DA9-AEA7262D6202}
	EndGlobalSection
EndGlobal
